
Microsoft Visual Studio Solution File, Format Version 12.00
# Visual Studio 2013
VisualStudioVersion = 12.0.31101.0
MinimumVisualStudioVersion = 10.0.40219.1
Project("{FAE04EC0-301F-11D3-BF4B-00C04F79EFBC}") = "DYH.Models", "DYH.Models\DYH.Models.csproj", "{FABD6447-654B-483A-9A6E-6AD2F415F1F5}"
EndProject
Project("{FAE04EC0-301F-11D3-BF4B-00C04F79EFBC}") = "DYH.Data", "DYH.Data\DYH.Data.csproj", "{432CC3F3-8CE2-459F-AFA0-A2395ADB70E8}"
EndProject
Project("{FAE04EC0-301F-11D3-BF4B-00C04F79EFBC}") = "DYH.DAL", "DYH.DAL\DYH.DAL.csproj", "{62412886-3107-47B4-BADE-CE78DDB091BC}"
EndProject
Project("{FAE04EC0-301F-11D3-BF4B-00C04F79EFBC}") = "DYH.IDAL", "DYH.IDAL\DYH.IDAL.csproj", "{C1792E7E-54CE-4C5A-B309-1CB02A8A01BD}"
EndProject
Project("{FAE04EC0-301F-11D3-BF4B-00C04F79EFBC}") = "DYH.Core", "DYH.Core\DYH.Core.csproj", "{6F6BC7A9-315F-4710-8960-2890FB92C807}"
EndProject
Project("{FAE04EC0-301F-11D3-BF4B-00C04F79EFBC}") = "DYH.Web.Framework", "DYH.Web.Framework\DYH.Web.Framework.csproj", "{7574328F-D734-4462-90B5-FBD9CAFA7AF7}"
EndProject
Project("{FAE04EC0-301F-11D3-BF4B-00C04F79EFBC}") = "DYH.Web", "DYH.Web\DYH.Web.csproj", "{F7646252-7461-4547-B2A7-50D1596E3D09}"
EndProject
Project("{FAE04EC0-301F-11D3-BF4B-00C04F79EFBC}") = "WinTest", "WinTest\WinTest.csproj", "{9D2B8C0B-B5C1-4E3D-BD50-2896F2923502}"
EndProject
Global
	GlobalSection(SolutionConfigurationPlatforms) = preSolution
		Debug|Any CPU = Debug|Any CPU
		Release|Any CPU = Release|Any CPU
	EndGlobalSection
	GlobalSection(ProjectConfigurationPlatforms) = postSolution
		{FABD6447-654B-483A-9A6E-6AD2F415F1F5}.Debug|Any CPU.ActiveCfg = Debug|Any CPU
		{FABD6447-654B-483A-9A6E-6AD2F415F1F5}.Debug|Any CPU.Build.0 = Debug|Any CPU
		{FABD6447-654B-483A-9A6E-6AD2F415F1F5}.Release|Any CPU.ActiveCfg = Release|Any CPU
		{FABD6447-654B-483A-9A6E-6AD2F415F1F5}.Release|Any CPU.Build.0 = Release|Any CPU
		{432CC3F3-8CE2-459F-AFA0-A2395ADB70E8}.Debug|Any CPU.ActiveCfg = Debug|Any CPU
		{432CC3F3-8CE2-459F-AFA0-A2395ADB70E8}.Debug|Any CPU.Build.0 = Debug|Any CPU
		{432CC3F3-8CE2-459F-AFA0-A2395ADB70E8}.Release|Any CPU.ActiveCfg = Release|Any CPU
		{432CC3F3-8CE2-459F-AFA0-A2395ADB70E8}.Release|Any CPU.Build.0 = Release|Any CPU
		{62412886-3107-47B4-BADE-CE78DDB091BC}.Debug|Any CPU.ActiveCfg = Debug|Any CPU
		{62412886-3107-47B4-BADE-CE78DDB091BC}.Debug|Any CPU.Build.0 = Debug|Any CPU
		{62412886-3107-47B4-BADE-CE78DDB091BC}.Release|Any CPU.ActiveCfg = Release|Any CPU
		{62412886-3107-47B4-BADE-CE78DDB091BC}.Release|Any CPU.Build.0 = Release|Any CPU
		{C1792E7E-54CE-4C5A-B309-1CB02A8A01BD}.Debug|Any CPU.ActiveCfg = Debug|Any CPU
		{C1792E7E-54CE-4C5A-B309-1CB02A8A01BD}.Debug|Any CPU.Build.0 = Debug|Any CPU
		{C1792E7E-54CE-4C5A-B309-1CB02A8A01BD}.Release|Any CPU.ActiveCfg = Release|Any CPU
		{C1792E7E-54CE-4C5A-B309-1CB02A8A01BD}.Release|Any CPU.Build.0 = Release|Any CPU
		{6F6BC7A9-315F-4710-8960-2890FB92C807}.Debug|Any CPU.ActiveCfg = Debug|Any CPU
		{6F6BC7A9-315F-4710-8960-2890FB92C807}.Debug|Any CPU.Build.0 = Debug|Any CPU
		{6F6BC7A9-315F-4710-8960-2890FB92C807}.Release|Any CPU.ActiveCfg = Release|Any CPU
		{6F6BC7A9-315F-4710-8960-2890FB92C807}.Release|Any CPU.Build.0 = Release|Any CPU
		{7574328F-D734-4462-90B5-FBD9CAFA7AF7}.Debug|Any CPU.ActiveCfg = Debug|Any CPU
		{7574328F-D734-4462-90B5-FBD9CAFA7AF7}.Debug|Any CPU.Build.0 = Debug|Any CPU
		{7574328F-D734-4462-90B5-FBD9CAFA7AF7}.Release|Any CPU.ActiveCfg = Release|Any CPU
		{7574328F-D734-4462-90B5-FBD9CAFA7AF7}.Release|Any CPU.Build.0 = Release|Any CPU
		{F7646252-7461-4547-B2A7-50D1596E3D09}.Debug|Any CPU.ActiveCfg = Debug|Any CPU
		{F7646252-7461-4547-B2A7-50D1596E3D09}.Debug|Any CPU.Build.0 = Debug|Any CPU
		{F7646252-7461-4547-B2A7-50D1596E3D09}.Release|Any CPU.ActiveCfg = Release|Any CPU
		{F7646252-7461-4547-B2A7-50D1596E3D09}.Release|Any CPU.Build.0 = Release|Any CPU
		{9D2B8C0B-B5C1-4E3D-BD50-2896F2923502}.Debug|Any CPU.ActiveCfg = Debug|Any CPU
		{9D2B8C0B-B5C1-4E3D-BD50-2896F2923502}.Debug|Any CPU.Build.0 = Debug|Any CPU
		{9D2B8C0B-B5C1-4E3D-BD50-2896F2923502}.Release|Any CPU.ActiveCfg = Release|Any CPU
		{9D2B8C0B-B5C1-4E3D-BD50-2896F2923502}.Release|Any CPU.Build.0 = Release|Any CPU
	EndGlobalSection
	GlobalSection(SolutionProperties) = preSolution
		HideSolutionNode = FALSE
	EndGlobalSection
EndGlobal
